
Microsoft Visual Studio Solution File, Format Version 12.00
# Visual Studio 15
VisualStudioVersion = 15.0.28307.902
MinimumVisualStudioVersion = 10.0.40219.1
Project("{FAE04EC0-301F-11D3-BF4B-00C04F79EFBC}") = "demandeAdmin", "demandeAdmin.csproj", "{BC3F5935-0AFC-4821-AA1C-3AF468DD5580}"
EndProject
Project("{FAE04EC0-301F-11D3-BF4B-00C04F79EFBC}") = "DPAContext", "DPAContext\DPAContext.csproj", "{5B3B1882-A4DD-4E67-B828-11FC55401E0D}"
EndProject
Global
	GlobalSection(SolutionConfigurationPlatforms) = preSolution
		Debug|Any CPU = Debug|Any CPU
		Release|Any CPU = Release|Any CPU
	EndGlobalSection
	GlobalSection(ProjectConfigurationPlatforms) = postSolution
		{BC3F5935-0AFC-4821-AA1C-3AF468DD5580}.Debug|Any CPU.ActiveCfg = Debug|Any CPU
		{BC3F5935-0AFC-4821-AA1C-3AF468DD5580}.Debug|Any CPU.Build.0 = Debug|Any CPU
		{BC3F5935-0AFC-4821-AA1C-3AF468DD5580}.Release|Any CPU.ActiveCfg = Release|Any CPU
		{BC3F5935-0AFC-4821-AA1C-3AF468DD5580}.Release|Any CPU.Build.0 = Release|Any CPU
		{5B3B1882-A4DD-4E67-B828-11FC55401E0D}.Debug|Any CPU.ActiveCfg = Debug|Any CPU
		{5B3B1882-A4DD-4E67-B828-11FC55401E0D}.Debug|Any CPU.Build.0 = Debug|Any CPU
		{5B3B1882-A4DD-4E67-B828-11FC55401E0D}.Release|Any CPU.ActiveCfg = Release|Any CPU
		{5B3B1882-A4DD-4E67-B828-11FC55401E0D}.Release|Any CPU.Build.0 = Release|Any CPU
	EndGlobalSection
	GlobalSection(SolutionProperties) = preSolution
		HideSolutionNode = FALSE
	EndGlobalSection
	GlobalSection(ExtensibilityGlobals) = postSolution
		SolutionGuid = {7D9BD59A-0C3D-44B3-A7FB-2EDA0AD5C15C}
	EndGlobalSection
EndGlobal
